
Microsoft Visual Studio Solution File, Format Version 12.00
# Visual Studio Version 17
VisualStudioVersion = 17.3.32901.215
MinimumVisualStudioVersion = 10.0.40219.1
Project("{FAE04EC0-301F-11D3-BF4B-00C04F79EFBC}") = "Devpack.Pagination", "src\Devpack.Pagination\Devpack.Pagination.csproj", "{DE2875BB-B870-4FCB-952D-6BF78F8DB34C}"
EndProject
Global
	GlobalSection(SolutionConfigurationPlatforms) = preSolution
		Debug|Any CPU = Debug|Any CPU
		Release|Any CPU = Release|Any CPU
	EndGlobalSection
	GlobalSection(ProjectConfigurationPlatforms) = postSolution
		{DE2875BB-B870-4FCB-952D-6BF78F8DB34C}.Debug|Any CPU.ActiveCfg = Debug|Any CPU
		{DE2875BB-B870-4FCB-952D-6BF78F8DB34C}.Debug|Any CPU.Build.0 = Debug|Any CPU
		{DE2875BB-B870-4FCB-952D-6BF78F8DB34C}.Release|Any CPU.ActiveCfg = Release|Any CPU
		{DE2875BB-B870-4FCB-952D-6BF78F8DB34C}.Release|Any CPU.Build.0 = Release|Any CPU
	EndGlobalSection
	GlobalSection(SolutionProperties) = preSolution
		HideSolutionNode = FALSE
	EndGlobalSection
	GlobalSection(ExtensibilityGlobals) = postSolution
		SolutionGuid = {F162C927-6939-4AEF-B694-DD708BD4BE0C}
	EndGlobalSection
EndGlobal
